
Microsoft Visual Studio Solution File, Format Version 12.00
# Visual Studio Version 16
VisualStudioVersion = 16.0.31321.278
MinimumVisualStudioVersion = 10.0.40219.1
Project("{8BC9CEB8-8B4A-11D0-8D11-00A0C91BC942}") = "Mines_GameLogic", "Mines_GameLogic.vcxproj", "{09961B0D-3A6C-45A9-BAE3-0D4989AA6F9F}"
EndProject
Global
	GlobalSection(SolutionConfigurationPlatforms) = preSolution
		Debug|x64 = Debug|x64
		Debug|x86 = Debug|x86
		Release|x64 = Release|x64
		Release|x86 = Release|x86
	EndGlobalSection
	GlobalSection(ProjectConfigurationPlatforms) = postSolution
		{09961B0D-3A6C-45A9-BAE3-0D4989AA6F9F}.Debug|x64.ActiveCfg = Debug|x64
		{09961B0D-3A6C-45A9-BAE3-0D4989AA6F9F}.Debug|x64.Build.0 = Debug|x64
		{09961B0D-3A6C-45A9-BAE3-0D4989AA6F9F}.Debug|x86.ActiveCfg = Debug|Win32
		{09961B0D-3A6C-45A9-BAE3-0D4989AA6F9F}.Debug|x86.Build.0 = Debug|Win32
		{09961B0D-3A6C-45A9-BAE3-0D4989AA6F9F}.Release|x64.ActiveCfg = Release|x64
		{09961B0D-3A6C-45A9-BAE3-0D4989AA6F9F}.Release|x64.Build.0 = Release|x64
		{09961B0D-3A6C-45A9-BAE3-0D4989AA6F9F}.Release|x86.ActiveCfg = Release|Win32
		{09961B0D-3A6C-45A9-BAE3-0D4989AA6F9F}.Release|x86.Build.0 = Release|Win32
	EndGlobalSection
	GlobalSection(SolutionProperties) = preSolution
		HideSolutionNode = FALSE
	EndGlobalSection
	GlobalSection(ExtensibilityGlobals) = postSolution
		SolutionGuid = {23876A95-7618-4D64-AD87-406DFE467623}
	EndGlobalSection
EndGlobal
